
Microsoft Visual Studio Solution File, Format Version 12.00
# Visual Studio Version 17
VisualStudioVersion = 17.6.33723.286
MinimumVisualStudioVersion = 10.0.40219.1
Project("{FAE04EC0-301F-11D3-BF4B-00C04F79EFBC}") = "QuanLyKhachSan", "QuanLyKhachSan.csproj", "{089805E2-0BC1-410D-9C56-1986AD4464A2}"
EndProject
Project("{FAE04EC0-301F-11D3-BF4B-00C04F79EFBC}") = "DBLayer", "..\DBLayer\DBLayer.csproj", "{FA91719F-15A3-4B64-A637-645560E8187A}"
EndProject
Project("{FAE04EC0-301F-11D3-BF4B-00C04F79EFBC}") = "BALayer", "..\BALayer\BALayer.csproj", "{04CAC8CD-2EFF-45A0-99D0-FDAFB0D77310}"
EndProject
Global
	GlobalSection(SolutionConfigurationPlatforms) = preSolution
		Debug|Any CPU = Debug|Any CPU
		Release|Any CPU = Release|Any CPU
	EndGlobalSection
	GlobalSection(ProjectConfigurationPlatforms) = postSolution
		{089805E2-0BC1-410D-9C56-1986AD4464A2}.Debug|Any CPU.ActiveCfg = Debug|Any CPU
		{089805E2-0BC1-410D-9C56-1986AD4464A2}.Debug|Any CPU.Build.0 = Debug|Any CPU
		{089805E2-0BC1-410D-9C56-1986AD4464A2}.Release|Any CPU.ActiveCfg = Release|Any CPU
		{089805E2-0BC1-410D-9C56-1986AD4464A2}.Release|Any CPU.Build.0 = Release|Any CPU
		{FA91719F-15A3-4B64-A637-645560E8187A}.Debug|Any CPU.ActiveCfg = Debug|Any CPU
		{FA91719F-15A3-4B64-A637-645560E8187A}.Debug|Any CPU.Build.0 = Debug|Any CPU
		{FA91719F-15A3-4B64-A637-645560E8187A}.Release|Any CPU.ActiveCfg = Release|Any CPU
		{FA91719F-15A3-4B64-A637-645560E8187A}.Release|Any CPU.Build.0 = Release|Any CPU
		{04CAC8CD-2EFF-45A0-99D0-FDAFB0D77310}.Debug|Any CPU.ActiveCfg = Debug|Any CPU
		{04CAC8CD-2EFF-45A0-99D0-FDAFB0D77310}.Debug|Any CPU.Build.0 = Debug|Any CPU
		{04CAC8CD-2EFF-45A0-99D0-FDAFB0D77310}.Release|Any CPU.ActiveCfg = Release|Any CPU
		{04CAC8CD-2EFF-45A0-99D0-FDAFB0D77310}.Release|Any CPU.Build.0 = Release|Any CPU
	EndGlobalSection
	GlobalSection(SolutionProperties) = preSolution
		HideSolutionNode = FALSE
	EndGlobalSection
	GlobalSection(ExtensibilityGlobals) = postSolution
		SolutionGuid = {38FBF806-37F8-496E-88D2-D3257B2DFC5D}
	EndGlobalSection
EndGlobal
